
Microsoft Visual Studio Solution File, Format Version 12.00
# Visual Studio Version 16
VisualStudioVersion = 16.0.32602.291
MinimumVisualStudioVersion = 10.0.40219.1
Project("{2150E333-8FDC-42A3-9474-1A3956D46DE8}") = "Comum", "Comum", "{2E7FE4FB-4F67-45F2-9364-352A885C8A41}"
EndProject
Project("{FAE04EC0-301F-11D3-BF4B-00C04F79EFBC}") = "Hotel.Comum", "Hotel.Comum\Hotel.Comum.csproj", "{FFEE545F-20CA-4BC8-B6A5-CB5EF2FD2934}"
EndProject
Global
	GlobalSection(SolutionConfigurationPlatforms) = preSolution
		Debug|Any CPU = Debug|Any CPU
		Release|Any CPU = Release|Any CPU
	EndGlobalSection
	GlobalSection(ProjectConfigurationPlatforms) = postSolution
		{FFEE545F-20CA-4BC8-B6A5-CB5EF2FD2934}.Debug|Any CPU.ActiveCfg = Debug|Any CPU
		{FFEE545F-20CA-4BC8-B6A5-CB5EF2FD2934}.Debug|Any CPU.Build.0 = Debug|Any CPU
		{FFEE545F-20CA-4BC8-B6A5-CB5EF2FD2934}.Release|Any CPU.ActiveCfg = Release|Any CPU
		{FFEE545F-20CA-4BC8-B6A5-CB5EF2FD2934}.Release|Any CPU.Build.0 = Release|Any CPU
	EndGlobalSection
	GlobalSection(SolutionProperties) = preSolution
		HideSolutionNode = FALSE
	EndGlobalSection
	GlobalSection(NestedProjects) = preSolution
		{FFEE545F-20CA-4BC8-B6A5-CB5EF2FD2934} = {2E7FE4FB-4F67-45F2-9364-352A885C8A41}
	EndGlobalSection
	GlobalSection(ExtensibilityGlobals) = postSolution
		SolutionGuid = {610136ED-A429-469F-B2C1-36C476433538}
	EndGlobalSection
EndGlobal
